
Microsoft Visual Studio Solution File, Format Version 12.00
# Visual Studio Version 16
VisualStudioVersion = 16.0.33130.400
MinimumVisualStudioVersion = 10.0.40219.1
Project("{888888A0-9F3D-457C-B088-3A5042F75D52}") = "Generated Map", "Generated Map\Generated Map.pyproj", "{600F24F6-6D16-4BD8-A6A9-53989C0F7082}"
EndProject
Global
	GlobalSection(SolutionConfigurationPlatforms) = preSolution
		Debug|Any CPU = Debug|Any CPU
		Release|Any CPU = Release|Any CPU
	EndGlobalSection
	GlobalSection(ProjectConfigurationPlatforms) = postSolution
		{600F24F6-6D16-4BD8-A6A9-53989C0F7082}.Debug|Any CPU.ActiveCfg = Debug|Any CPU
		{600F24F6-6D16-4BD8-A6A9-53989C0F7082}.Release|Any CPU.ActiveCfg = Release|Any CPU
	EndGlobalSection
	GlobalSection(SolutionProperties) = preSolution
		HideSolutionNode = FALSE
	EndGlobalSection
	GlobalSection(ExtensibilityGlobals) = postSolution
		SolutionGuid = {5AD12D01-FEA2-4196-8AC5-85AFC4A1E320}
	EndGlobalSection
EndGlobal
